
Microsoft Visual Studio Solution File, Format Version 12.00
# Visual Studio Version 16
VisualStudioVersion = 16.0.29806.167
MinimumVisualStudioVersion = 10.0.40219.1
Project("{FAE04EC0-301F-11D3-BF4B-00C04F79EFBC}") = "CarouselPageNavigations.Android", "CarouselPageNavigations\CarouselPageNavigations.Android\CarouselPageNavigations.Android.csproj", "{62C506B5-885F-40DB-84DC-7A06DA115218}"
EndProject
Project("{FAE04EC0-301F-11D3-BF4B-00C04F79EFBC}") = "CarouselPageNavigations.iOS", "CarouselPageNavigations\CarouselPageNavigations.iOS\CarouselPageNavigations.iOS.csproj", "{C0CE6624-A51C-40BA-B981-F3D54AB27B84}"
EndProject
Project("{FAE04EC0-301F-11D3-BF4B-00C04F79EFBC}") = "CarouselPageNavigations", "CarouselPageNavigations\CarouselPageNavigations\CarouselPageNavigations.csproj", "{4B249D2C-8F36-4908-A460-0AFB6CD91F1A}"
EndProject
Global
	GlobalSection(SolutionConfigurationPlatforms) = preSolution
		Debug|Any CPU = Debug|Any CPU
		Debug|iPhone = Debug|iPhone
		Debug|iPhoneSimulator = Debug|iPhoneSimulator
		Release|Any CPU = Release|Any CPU
		Release|iPhone = Release|iPhone
		Release|iPhoneSimulator = Release|iPhoneSimulator
	EndGlobalSection
	GlobalSection(ProjectConfigurationPlatforms) = postSolution
		{62C506B5-885F-40DB-84DC-7A06DA115218}.Debug|Any CPU.ActiveCfg = Debug|Any CPU
		{62C506B5-885F-40DB-84DC-7A06DA115218}.Debug|Any CPU.Build.0 = Debug|Any CPU
		{62C506B5-885F-40DB-84DC-7A06DA115218}.Debug|Any CPU.Deploy.0 = Debug|Any CPU
		{62C506B5-885F-40DB-84DC-7A06DA115218}.Debug|iPhone.ActiveCfg = Debug|Any CPU
		{62C506B5-885F-40DB-84DC-7A06DA115218}.Debug|iPhone.Build.0 = Debug|Any CPU
		{62C506B5-885F-40DB-84DC-7A06DA115218}.Debug|iPhone.Deploy.0 = Debug|Any CPU
		{62C506B5-885F-40DB-84DC-7A06DA115218}.Debug|iPhoneSimulator.ActiveCfg = Debug|Any CPU
		{62C506B5-885F-40DB-84DC-7A06DA115218}.Debug|iPhoneSimulator.Build.0 = Debug|Any CPU
		{62C506B5-885F-40DB-84DC-7A06DA115218}.Debug|iPhoneSimulator.Deploy.0 = Debug|Any CPU
		{62C506B5-885F-40DB-84DC-7A06DA115218}.Release|Any CPU.ActiveCfg = Release|Any CPU
		{62C506B5-885F-40DB-84DC-7A06DA115218}.Release|Any CPU.Build.0 = Release|Any CPU
		{62C506B5-885F-40DB-84DC-7A06DA115218}.Release|Any CPU.Deploy.0 = Release|Any CPU
		{62C506B5-885F-40DB-84DC-7A06DA115218}.Release|iPhone.ActiveCfg = Release|Any CPU
		{62C506B5-885F-40DB-84DC-7A06DA115218}.Release|iPhone.Build.0 = Release|Any CPU
		{62C506B5-885F-40DB-84DC-7A06DA115218}.Release|iPhone.Deploy.0 = Release|Any CPU
		{62C506B5-885F-40DB-84DC-7A06DA115218}.Release|iPhoneSimulator.ActiveCfg = Release|Any CPU
		{62C506B5-885F-40DB-84DC-7A06DA115218}.Release|iPhoneSimulator.Build.0 = Release|Any CPU
		{62C506B5-885F-40DB-84DC-7A06DA115218}.Release|iPhoneSimulator.Deploy.0 = Release|Any CPU
		{C0CE6624-A51C-40BA-B981-F3D54AB27B84}.Debug|Any CPU.ActiveCfg = Debug|iPhoneSimulator
		{C0CE6624-A51C-40BA-B981-F3D54AB27B84}.Debug|Any CPU.Build.0 = Debug|iPhoneSimulator
		{C0CE6624-A51C-40BA-B981-F3D54AB27B84}.Debug|Any CPU.Deploy.0 = Debug|iPhoneSimulator
		{C0CE6624-A51C-40BA-B981-F3D54AB27B84}.Debug|iPhone.ActiveCfg = Debug|iPhone
		{C0CE6624-A51C-40BA-B981-F3D54AB27B84}.Debug|iPhone.Build.0 = Debug|iPhone
		{C0CE6624-A51C-40BA-B981-F3D54AB27B84}.Debug|iPhone.Deploy.0 = Debug|iPhone
		{C0CE6624-A51C-40BA-B981-F3D54AB27B84}.Debug|iPhoneSimulator.ActiveCfg = Debug|iPhoneSimulator
		{C0CE6624-A51C-40BA-B981-F3D54AB27B84}.Debug|iPhoneSimulator.Build.0 = Debug|iPhoneSimulator
		{C0CE6624-A51C-40BA-B981-F3D54AB27B84}.Debug|iPhoneSimulator.Deploy.0 = Debug|iPhoneSimulator
		{C0CE6624-A51C-40BA-B981-F3D54AB27B84}.Release|Any CPU.ActiveCfg = Release|iPhone
		{C0CE6624-A51C-40BA-B981-F3D54AB27B84}.Release|Any CPU.Build.0 = Release|iPhone
		{C0CE6624-A51C-40BA-B981-F3D54AB27B84}.Release|Any CPU.Deploy.0 = Release|iPhone
		{C0CE6624-A51C-40BA-B981-F3D54AB27B84}.Release|iPhone.ActiveCfg = Release|iPhone
		{C0CE6624-A51C-40BA-B981-F3D54AB27B84}.Release|iPhone.Build.0 = Release|iPhone
		{C0CE6624-A51C-40BA-B981-F3D54AB27B84}.Release|iPhone.Deploy.0 = Release|iPhone
		{C0CE6624-A51C-40BA-B981-F3D54AB27B84}.Release|iPhoneSimulator.ActiveCfg = Release|iPhoneSimulator
		{C0CE6624-A51C-40BA-B981-F3D54AB27B84}.Release|iPhoneSimulator.Build.0 = Release|iPhoneSimulator
		{C0CE6624-A51C-40BA-B981-F3D54AB27B84}.Release|iPhoneSimulator.Deploy.0 = Release|iPhoneSimulator
		{4B249D2C-8F36-4908-A460-0AFB6CD91F1A}.Debug|Any CPU.ActiveCfg = Debug|Any CPU
		{4B249D2C-8F36-4908-A460-0AFB6CD91F1A}.Debug|Any CPU.Build.0 = Debug|Any CPU
		{4B249D2C-8F36-4908-A460-0AFB6CD91F1A}.Debug|Any CPU.Deploy.0 = Debug|Any CPU
		{4B249D2C-8F36-4908-A460-0AFB6CD91F1A}.Debug|iPhone.ActiveCfg = Debug|Any CPU
		{4B249D2C-8F36-4908-A460-0AFB6CD91F1A}.Debug|iPhone.Build.0 = Debug|Any CPU
		{4B249D2C-8F36-4908-A460-0AFB6CD91F1A}.Debug|iPhone.Deploy.0 = Debug|Any CPU
		{4B249D2C-8F36-4908-A460-0AFB6CD91F1A}.Debug|iPhoneSimulator.ActiveCfg = Debug|Any CPU
		{4B249D2C-8F36-4908-A460-0AFB6CD91F1A}.Debug|iPhoneSimulator.Build.0 = Debug|Any CPU
		{4B249D2C-8F36-4908-A460-0AFB6CD91F1A}.Debug|iPhoneSimulator.Deploy.0 = Debug|Any CPU
		{4B249D2C-8F36-4908-A460-0AFB6CD91F1A}.Release|Any CPU.ActiveCfg = Release|Any CPU
		{4B249D2C-8F36-4908-A460-0AFB6CD91F1A}.Release|Any CPU.Build.0 = Release|Any CPU
		{4B249D2C-8F36-4908-A460-0AFB6CD91F1A}.Release|Any CPU.Deploy.0 = Release|Any CPU
		{4B249D2C-8F36-4908-A460-0AFB6CD91F1A}.Release|iPhone.ActiveCfg = Release|Any CPU
		{4B249D2C-8F36-4908-A460-0AFB6CD91F1A}.Release|iPhone.Build.0 = Release|Any CPU
		{4B249D2C-8F36-4908-A460-0AFB6CD91F1A}.Release|iPhone.Deploy.0 = Release|Any CPU
		{4B249D2C-8F36-4908-A460-0AFB6CD91F1A}.Release|iPhoneSimulator.ActiveCfg = Release|Any CPU
		{4B249D2C-8F36-4908-A460-0AFB6CD91F1A}.Release|iPhoneSimulator.Build.0 = Release|Any CPU
		{4B249D2C-8F36-4908-A460-0AFB6CD91F1A}.Release|iPhoneSimulator.Deploy.0 = Release|Any CPU
	EndGlobalSection
	GlobalSection(SolutionProperties) = preSolution
		HideSolutionNode = FALSE
	EndGlobalSection
	GlobalSection(ExtensibilityGlobals) = postSolution
		SolutionGuid = {FACF8254-BC64-4173-B612-2516B25CC81C}
	EndGlobalSection
EndGlobal
